
Microsoft Visual Studio Solution File, Format Version 12.00
# Visual Studio 15
VisualStudioVersion = 15.0.27703.2042
MinimumVisualStudioVersion = 10.0.40219.1
Project("{FAE04EC0-301F-11D3-BF4B-00C04F79EFBC}") = "E-Hospital", "E-Hospital\E-Hospital.csproj", "{0C938F71-E8BB-4246-8C97-3D2F1AEB3F8B}"
EndProject
Global
	GlobalSection(SolutionConfigurationPlatforms) = preSolution
		Debug|Any CPU = Debug|Any CPU
		Release|Any CPU = Release|Any CPU
	EndGlobalSection
	GlobalSection(ProjectConfigurationPlatforms) = postSolution
		{0C938F71-E8BB-4246-8C97-3D2F1AEB3F8B}.Debug|Any CPU.ActiveCfg = Debug|Any CPU
		{0C938F71-E8BB-4246-8C97-3D2F1AEB3F8B}.Debug|Any CPU.Build.0 = Debug|Any CPU
		{0C938F71-E8BB-4246-8C97-3D2F1AEB3F8B}.Release|Any CPU.ActiveCfg = Release|Any CPU
		{0C938F71-E8BB-4246-8C97-3D2F1AEB3F8B}.Release|Any CPU.Build.0 = Release|Any CPU
	EndGlobalSection
	GlobalSection(SolutionProperties) = preSolution
		HideSolutionNode = FALSE
	EndGlobalSection
	GlobalSection(ExtensibilityGlobals) = postSolution
		SolutionGuid = {AEABE277-6B0F-429B-8F09-A153E7DCA5FC}
	EndGlobalSection
EndGlobal
